NeoBundleLock ag.vim 8241b734d9288ceb2d1da96f690c2e1c361f340c
NeoBundleLock neobundle.vim e4e6766e7bbcac9b7048ee247f02af9020b9df29
NeoBundleLock open-browser.vim 4184376d06525f9b5fb7c08ce2a482e1d6acf645
NeoBundleLock previm f576d7dc2669af08a6b1c7b997eb65215359bb75
NeoBundleLock seoul256.vim 65a04448c293741c7221ead98849912ec0ab0bb0
NeoBundleLock unite.vim bccb695ee285dc5c88ae20d0a1f340e485a1a575
NeoBundleLock vim-markdown 409c37b205afa2f9d590e23de8171482d66770e2
NeoBundleLock vimdoc-ja b18dc1d433b89f951a3f0f2e8b649f7cf05599c6
